
Microsoft Visual Studio Solution File, Format Version 12.00
# Visual Studio Version 17
VisualStudioVersion = 17.5.002.0
MinimumVisualStudioVersion = 10.0.40219.1
Project("{9A19103F-16F7-4668-BE54-9A1E7A4F7556}") = "Seminar 3-2", "Seminar 3-2\Seminar 3-2.csproj", "{EC18DD05-3378-4F4A-AEA5-F71E035F487A}"
EndProject
Project("{2150E333-8FDC-42A3-9474-1A3956D46DE8}") = "home_work_1_lesson", "home_work_1_lesson", "{E94587CB-D153-4F65-8C26-5C59114A8422}"
EndProject
Project("{9A19103F-16F7-4668-BE54-9A1E7A4F7556}") = "Home work seminar 1", "home_work_1_lesson\Home work seminar 1\Home work seminar 1.csproj", "{5DA8C15F-7BB4-4C40-9F65-95CABC74118B}"
EndProject
Project("{9A19103F-16F7-4668-BE54-9A1E7A4F7556}") = "Home Work seminar 1-1", "home_work_1_lesson\Home Work seminar 1-1\Home Work seminar 1-1.csproj", "{224AA42E-1D0D-4E67-BFE7-9EC5E810D1A8}"
EndProject
Project("{9A19103F-16F7-4668-BE54-9A1E7A4F7556}") = "Home work seminar 1-2", "home_work_1_lesson\Home work seminar 1-2\Home work seminar 1-2.csproj", "{FE264B8A-313B-4D51-BC63-3BC7E10B72C2}"
EndProject
Project("{9A19103F-16F7-4668-BE54-9A1E7A4F7556}") = "Home work seminar 1-3", "home_work_1_lesson\Home work seminar 1-3\Home work seminar 1-3.csproj", "{0D7EE72A-FD9E-41F4-B8C8-668B7AAE1E9E}"
EndProject
Project("{9A19103F-16F7-4668-BE54-9A1E7A4F7556}") = "Home work seminar 2", "home_work_1_lesson\Home work seminar 2\Home work seminar 2.csproj", "{1EF6947F-CE40-4051-B468-B00188BBACFF}"
EndProject
Project("{9A19103F-16F7-4668-BE54-9A1E7A4F7556}") = "home work seminar 2-1", "home_work_1_lesson\home work seminar 2-1\home work seminar 2-1.csproj", "{C5E640E2-B9F2-4433-8DA5-856384AC43A0}"
EndProject
Project("{9A19103F-16F7-4668-BE54-9A1E7A4F7556}") = "home work seminar 2-2", "home_work_1_lesson\home work seminar 2-2\home work seminar 2-2.csproj", "{F076A80F-0300-432D-8D13-9FF94E6BE197}"
EndProject
Project("{9A19103F-16F7-4668-BE54-9A1E7A4F7556}") = "Seminar 2", "home_work_1_lesson\Seminar 2\Seminar 2.csproj", "{1AAFDFC3-7810-4A77-8AC7-BF880DE7ECFE}"
EndProject
Project("{9A19103F-16F7-4668-BE54-9A1E7A4F7556}") = "seminar 2-2", "home_work_1_lesson\seminar 2-2\seminar 2-2.csproj", "{7E890FED-9B7D-4794-8826-8AD56C30D2DD}"
EndProject
Project("{9A19103F-16F7-4668-BE54-9A1E7A4F7556}") = "seminar 2-3", "home_work_1_lesson\seminar 2-3\seminar 2-3.csproj", "{7EA4DA28-E206-4D62-BB91-277780274247}"
EndProject
Project("{9A19103F-16F7-4668-BE54-9A1E7A4F7556}") = "seminar 2-4", "home_work_1_lesson\seminar 2-4\seminar 2-4.csproj", "{120AB31A-9760-4550-BB69-50C7143C344D}"
EndProject
Project("{9A19103F-16F7-4668-BE54-9A1E7A4F7556}") = "seminar 3", "home_work_1_lesson\seminar 3\seminar 3.csproj", "{11923F96-87E1-46F6-8775-2B4EA01E5A38}"
EndProject
Project("{9A19103F-16F7-4668-BE54-9A1E7A4F7556}") = "Seminar 3-1", "home_work_1_lesson\Seminar 3-1\Seminar 3-1.csproj", "{7BBBCE4B-0C40-4EA4-B9D8-7958D1707DF7}"
EndProject
Project("{9A19103F-16F7-4668-BE54-9A1E7A4F7556}") = "Siminar 2-1", "home_work_1_lesson\Siminar 2-1\Siminar 2-1.csproj", "{AE18DC30-F059-42BF-9FB6-0A5261BD05D5}"
EndProject
Project("{9A19103F-16F7-4668-BE54-9A1E7A4F7556}") = "task1", "home_work_1_lesson\task1\task1.csproj", "{4D8C8518-7AF0-4B8D-BF9C-1781F7B4025E}"
EndProject
Project("{9A19103F-16F7-4668-BE54-9A1E7A4F7556}") = "task2", "home_work_1_lesson\task2\task2.csproj", "{59868AA5-0082-4DEB-BD00-3792D168368C}"
EndProject
Project("{9A19103F-16F7-4668-BE54-9A1E7A4F7556}") = "Task3", "home_work_1_lesson\Task3\Task3.csproj", "{BAE4D343-475E-4756-AD96-F1F3C5461D72}"
EndProject
Project("{9A19103F-16F7-4668-BE54-9A1E7A4F7556}") = "task4", "home_work_1_lesson\task4\task4.csproj", "{9F5BC2F9-43D4-4823-B238-394E45458F67}"
EndProject
Project("{9A19103F-16F7-4668-BE54-9A1E7A4F7556}") = "task5", "home_work_1_lesson\task5\task5.csproj", "{8AC7913C-773B-4719-AFA5-523BB9D1E6CD}"
EndProject
Project("{9A19103F-16F7-4668-BE54-9A1E7A4F7556}") = "task6", "home_work_1_lesson\task6\task6.csproj", "{282F2EB7-E853-47BB-9A3D-8B00020C24B3}"
EndProject
Global
	GlobalSection(SolutionConfigurationPlatforms) = preSolution
		Debug|Any CPU = Debug|Any CPU
		Release|Any CPU = Release|Any CPU
	EndGlobalSection
	GlobalSection(ProjectConfigurationPlatforms) = postSolution
		{EC18DD05-3378-4F4A-AEA5-F71E035F487A}.Debug|Any CPU.ActiveCfg = Debug|Any CPU
		{EC18DD05-3378-4F4A-AEA5-F71E035F487A}.Debug|Any CPU.Build.0 = Debug|Any CPU
		{EC18DD05-3378-4F4A-AEA5-F71E035F487A}.Release|Any CPU.ActiveCfg = Release|Any CPU
		{EC18DD05-3378-4F4A-AEA5-F71E035F487A}.Release|Any CPU.Build.0 = Release|Any CPU
		{5DA8C15F-7BB4-4C40-9F65-95CABC74118B}.Debug|Any CPU.ActiveCfg = Debug|Any CPU
		{5DA8C15F-7BB4-4C40-9F65-95CABC74118B}.Debug|Any CPU.Build.0 = Debug|Any CPU
		{5DA8C15F-7BB4-4C40-9F65-95CABC74118B}.Release|Any CPU.ActiveCfg = Release|Any CPU
		{5DA8C15F-7BB4-4C40-9F65-95CABC74118B}.Release|Any CPU.Build.0 = Release|Any CPU
		{224AA42E-1D0D-4E67-BFE7-9EC5E810D1A8}.Debug|Any CPU.ActiveCfg = Debug|Any CPU
		{224AA42E-1D0D-4E67-BFE7-9EC5E810D1A8}.Debug|Any CPU.Build.0 = Debug|Any CPU
		{224AA42E-1D0D-4E67-BFE7-9EC5E810D1A8}.Release|Any CPU.ActiveCfg = Release|Any CPU
		{224AA42E-1D0D-4E67-BFE7-9EC5E810D1A8}.Release|Any CPU.Build.0 = Release|Any CPU
		{FE264B8A-313B-4D51-BC63-3BC7E10B72C2}.Debug|Any CPU.ActiveCfg = Debug|Any CPU
		{FE264B8A-313B-4D51-BC63-3BC7E10B72C2}.Debug|Any CPU.Build.0 = Debug|Any CPU
		{FE264B8A-313B-4D51-BC63-3BC7E10B72C2}.Release|Any CPU.ActiveCfg = Release|Any CPU
		{FE264B8A-313B-4D51-BC63-3BC7E10B72C2}.Release|Any CPU.Build.0 = Release|Any CPU
		{0D7EE72A-FD9E-41F4-B8C8-668B7AAE1E9E}.Debug|Any CPU.ActiveCfg = Debug|Any CPU
		{0D7EE72A-FD9E-41F4-B8C8-668B7AAE1E9E}.Debug|Any CPU.Build.0 = Debug|Any CPU
		{0D7EE72A-FD9E-41F4-B8C8-668B7AAE1E9E}.Release|Any CPU.ActiveCfg = Release|Any CPU
		{0D7EE72A-FD9E-41F4-B8C8-668B7AAE1E9E}.Release|Any CPU.Build.0 = Release|Any CPU
		{1EF6947F-CE40-4051-B468-B00188BBACFF}.Debug|Any CPU.ActiveCfg = Debug|Any CPU
		{1EF6947F-CE40-4051-B468-B00188BBACFF}.Debug|Any CPU.Build.0 = Debug|Any CPU
		{1EF6947F-CE40-4051-B468-B00188BBACFF}.Release|Any CPU.ActiveCfg = Release|Any CPU
		{1EF6947F-CE40-4051-B468-B00188BBACFF}.Release|Any CPU.Build.0 = Release|Any CPU
		{C5E640E2-B9F2-4433-8DA5-856384AC43A0}.Debug|Any CPU.ActiveCfg = Debug|Any CPU
		{C5E640E2-B9F2-4433-8DA5-856384AC43A0}.Debug|Any CPU.Build.0 = Debug|Any CPU
		{C5E640E2-B9F2-4433-8DA5-856384AC43A0}.Release|Any CPU.ActiveCfg = Release|Any CPU
		{C5E640E2-B9F2-4433-8DA5-856384AC43A0}.Release|Any CPU.Build.0 = Release|Any CPU
		{F076A80F-0300-432D-8D13-9FF94E6BE197}.Debug|Any CPU.ActiveCfg = Debug|Any CPU
		{F076A80F-0300-432D-8D13-9FF94E6BE197}.Debug|Any CPU.Build.0 = Debug|Any CPU
		{F076A80F-0300-432D-8D13-9FF94E6BE197}.Release|Any CPU.ActiveCfg = Release|Any CPU
		{F076A80F-0300-432D-8D13-9FF94E6BE197}.Release|Any CPU.Build.0 = Release|Any CPU
		{1AAFDFC3-7810-4A77-8AC7-BF880DE7ECFE}.Debug|Any CPU.ActiveCfg = Debug|Any CPU
		{1AAFDFC3-7810-4A77-8AC7-BF880DE7ECFE}.Debug|Any CPU.Build.0 = Debug|Any CPU
		{1AAFDFC3-7810-4A77-8AC7-BF880DE7ECFE}.Release|Any CPU.ActiveCfg = Release|Any CPU
		{1AAFDFC3-7810-4A77-8AC7-BF880DE7ECFE}.Release|Any CPU.Build.0 = Release|Any CPU
		{7E890FED-9B7D-4794-8826-8AD56C30D2DD}.Debug|Any CPU.ActiveCfg = Debug|Any CPU
		{7E890FED-9B7D-4794-8826-8AD56C30D2DD}.Debug|Any CPU.Build.0 = Debug|Any CPU
		{7E890FED-9B7D-4794-8826-8AD56C30D2DD}.Release|Any CPU.ActiveCfg = Release|Any CPU
		{7E890FED-9B7D-4794-8826-8AD56C30D2DD}.Release|Any CPU.Build.0 = Release|Any CPU
		{7EA4DA28-E206-4D62-BB91-277780274247}.Debug|Any CPU.ActiveCfg = Debug|Any CPU
		{7EA4DA28-E206-4D62-BB91-277780274247}.Debug|Any CPU.Build.0 = Debug|Any CPU
		{7EA4DA28-E206-4D62-BB91-277780274247}.Release|Any CPU.ActiveCfg = Release|Any CPU
		{7EA4DA28-E206-4D62-BB91-277780274247}.Release|Any CPU.Build.0 = Release|Any CPU
		{120AB31A-9760-4550-BB69-50C7143C344D}.Debug|Any CPU.ActiveCfg = Debug|Any CPU
		{120AB31A-9760-4550-BB69-50C7143C344D}.Debug|Any CPU.Build.0 = Debug|Any CPU
		{120AB31A-9760-4550-BB69-50C7143C344D}.Release|Any CPU.ActiveCfg = Release|Any CPU
		{120AB31A-9760-4550-BB69-50C7143C344D}.Release|Any CPU.Build.0 = Release|Any CPU
		{11923F96-87E1-46F6-8775-2B4EA01E5A38}.Debug|Any CPU.ActiveCfg = Debug|Any CPU
		{11923F96-87E1-46F6-8775-2B4EA01E5A38}.Debug|Any CPU.Build.0 = Debug|Any CPU
		{11923F96-87E1-46F6-8775-2B4EA01E5A38}.Release|Any CPU.ActiveCfg = Release|Any CPU
		{11923F96-87E1-46F6-8775-2B4EA01E5A38}.Release|Any CPU.Build.0 = Release|Any CPU
		{7BBBCE4B-0C40-4EA4-B9D8-7958D1707DF7}.Debug|Any CPU.ActiveCfg = Debug|Any CPU
		{7BBBCE4B-0C40-4EA4-B9D8-7958D1707DF7}.Debug|Any CPU.Build.0 = Debug|Any CPU
		{7BBBCE4B-0C40-4EA4-B9D8-7958D1707DF7}.Release|Any CPU.ActiveCfg = Release|Any CPU
		{7BBBCE4B-0C40-4EA4-B9D8-7958D1707DF7}.Release|Any CPU.Build.0 = Release|Any CPU
		{AE18DC30-F059-42BF-9FB6-0A5261BD05D5}.Debug|Any CPU.ActiveCfg = Debug|Any CPU
		{AE18DC30-F059-42BF-9FB6-0A5261BD05D5}.Debug|Any CPU.Build.0 = Debug|Any CPU
		{AE18DC30-F059-42BF-9FB6-0A5261BD05D5}.Release|Any CPU.ActiveCfg = Release|Any CPU
		{AE18DC30-F059-42BF-9FB6-0A5261BD05D5}.Release|Any CPU.Build.0 = Release|Any CPU
		{4D8C8518-7AF0-4B8D-BF9C-1781F7B4025E}.Debug|Any CPU.ActiveCfg = Debug|Any CPU
		{4D8C8518-7AF0-4B8D-BF9C-1781F7B4025E}.Debug|Any CPU.Build.0 = Debug|Any CPU
		{4D8C8518-7AF0-4B8D-BF9C-1781F7B4025E}.Release|Any CPU.ActiveCfg = Release|Any CPU
		{4D8C8518-7AF0-4B8D-BF9C-1781F7B4025E}.Release|Any CPU.Build.0 = Release|Any CPU
		{59868AA5-0082-4DEB-BD00-3792D168368C}.Debug|Any CPU.ActiveCfg = Debug|Any CPU
		{59868AA5-0082-4DEB-BD00-3792D168368C}.Debug|Any CPU.Build.0 = Debug|Any CPU
		{59868AA5-0082-4DEB-BD00-3792D168368C}.Release|Any CPU.ActiveCfg = Release|Any CPU
		{59868AA5-0082-4DEB-BD00-3792D168368C}.Release|Any CPU.Build.0 = Release|Any CPU
		{BAE4D343-475E-4756-AD96-F1F3C5461D72}.Debug|Any CPU.ActiveCfg = Debug|Any CPU
		{BAE4D343-475E-4756-AD96-F1F3C5461D72}.Debug|Any CPU.Build.0 = Debug|Any CPU
		{BAE4D343-475E-4756-AD96-F1F3C5461D72}.Release|Any CPU.ActiveCfg = Release|Any CPU
		{BAE4D343-475E-4756-AD96-F1F3C5461D72}.Release|Any CPU.Build.0 = Release|Any CPU
		{9F5BC2F9-43D4-4823-B238-394E45458F67}.Debug|Any CPU.ActiveCfg = Debug|Any CPU
		{9F5BC2F9-43D4-4823-B238-394E45458F67}.Debug|Any CPU.Build.0 = Debug|Any CPU
		{9F5BC2F9-43D4-4823-B238-394E45458F67}.Release|Any CPU.ActiveCfg = Release|Any CPU
		{9F5BC2F9-43D4-4823-B238-394E45458F67}.Release|Any CPU.Build.0 = Release|Any CPU
		{8AC7913C-773B-4719-AFA5-523BB9D1E6CD}.Debug|Any CPU.ActiveCfg = Debug|Any CPU
		{8AC7913C-773B-4719-AFA5-523BB9D1E6CD}.Debug|Any CPU.Build.0 = Debug|Any CPU
		{8AC7913C-773B-4719-AFA5-523BB9D1E6CD}.Release|Any CPU.ActiveCfg = Release|Any CPU
		{8AC7913C-773B-4719-AFA5-523BB9D1E6CD}.Release|Any CPU.Build.0 = Release|Any CPU
		{282F2EB7-E853-47BB-9A3D-8B00020C24B3}.Debug|Any CPU.ActiveCfg = Debug|Any CPU
		{282F2EB7-E853-47BB-9A3D-8B00020C24B3}.Debug|Any CPU.Build.0 = Debug|Any CPU
		{282F2EB7-E853-47BB-9A3D-8B00020C24B3}.Release|Any CPU.ActiveCfg = Release|Any CPU
		{282F2EB7-E853-47BB-9A3D-8B00020C24B3}.Release|Any CPU.Build.0 = Release|Any CPU
	EndGlobalSection
	GlobalSection(SolutionProperties) = preSolution
		HideSolutionNode = FALSE
	EndGlobalSection
	GlobalSection(NestedProjects) = preSolution
		{5DA8C15F-7BB4-4C40-9F65-95CABC74118B} = {E94587CB-D153-4F65-8C26-5C59114A8422}
		{224AA42E-1D0D-4E67-BFE7-9EC5E810D1A8} = {E94587CB-D153-4F65-8C26-5C59114A8422}
		{FE264B8A-313B-4D51-BC63-3BC7E10B72C2} = {E94587CB-D153-4F65-8C26-5C59114A8422}
		{0D7EE72A-FD9E-41F4-B8C8-668B7AAE1E9E} = {E94587CB-D153-4F65-8C26-5C59114A8422}
		{1EF6947F-CE40-4051-B468-B00188BBACFF} = {E94587CB-D153-4F65-8C26-5C59114A8422}
		{C5E640E2-B9F2-4433-8DA5-856384AC43A0} = {E94587CB-D153-4F65-8C26-5C59114A8422}
		{F076A80F-0300-432D-8D13-9FF94E6BE197} = {E94587CB-D153-4F65-8C26-5C59114A8422}
		{1AAFDFC3-7810-4A77-8AC7-BF880DE7ECFE} = {E94587CB-D153-4F65-8C26-5C59114A8422}
		{7E890FED-9B7D-4794-8826-8AD56C30D2DD} = {E94587CB-D153-4F65-8C26-5C59114A8422}
		{7EA4DA28-E206-4D62-BB91-277780274247} = {E94587CB-D153-4F65-8C26-5C59114A8422}
		{120AB31A-9760-4550-BB69-50C7143C344D} = {E94587CB-D153-4F65-8C26-5C59114A8422}
		{11923F96-87E1-46F6-8775-2B4EA01E5A38} = {E94587CB-D153-4F65-8C26-5C59114A8422}
		{7BBBCE4B-0C40-4EA4-B9D8-7958D1707DF7} = {E94587CB-D153-4F65-8C26-5C59114A8422}
		{AE18DC30-F059-42BF-9FB6-0A5261BD05D5} = {E94587CB-D153-4F65-8C26-5C59114A8422}
		{4D8C8518-7AF0-4B8D-BF9C-1781F7B4025E} = {E94587CB-D153-4F65-8C26-5C59114A8422}
		{59868AA5-0082-4DEB-BD00-3792D168368C} = {E94587CB-D153-4F65-8C26-5C59114A8422}
		{BAE4D343-475E-4756-AD96-F1F3C5461D72} = {E94587CB-D153-4F65-8C26-5C59114A8422}
		{9F5BC2F9-43D4-4823-B238-394E45458F67} = {E94587CB-D153-4F65-8C26-5C59114A8422}
		{8AC7913C-773B-4719-AFA5-523BB9D1E6CD} = {E94587CB-D153-4F65-8C26-5C59114A8422}
		{282F2EB7-E853-47BB-9A3D-8B00020C24B3} = {E94587CB-D153-4F65-8C26-5C59114A8422}
	EndGlobalSection
	GlobalSection(ExtensibilityGlobals) = postSolution
		SolutionGuid = {4FDB1563-074C-47E9-86CC-D16E30DBA407}
	EndGlobalSection
EndGlobal
